{
  "pins" : [
    {
      "identity" : "python-ios",
      "kind" : "remoteSourceControl",
      "location" : "https://github.com/kewlbear/Python-iOS.git",
      "state" : {
        "revision" : "ace19caa26a9fc7a1a666757852fd4f8050ac4df",
        "version" : "0.0.20211030092316"
      }
    },
    {
      "identity" : "swoopyuicore",
      "kind" : "remoteSourceControl",
      "location" : "https://github.com/SKbarbon/SwoopyuiCore.git",
      "state" : {
        "revision" : "d5483ddaacc53518c2573aafe29bde037d52a31b",
        "version" : "0.2.62"
      }
    }
  ],
  "version" : 2
}
